
Microsoft Visual Studio Solution File, Format Version 12.00
# Visual Studio Version 16
VisualStudioVersion = 16.0.30104.148
MinimumVisualStudioVersion = 10.0.40219.1
Project("{9A19103F-16F7-4668-BE54-9A1E7A4F7556}") = "KtTest", "KtTest\KtTest.csproj", "{985ECC39-9A8C-43FA-9248-1793F3A5A24B}"
EndProject
Project("{9A19103F-16F7-4668-BE54-9A1E7A4F7556}") = "KtTest.Tests", "KtTest.Tests\KtTest.Tests.csproj", "{69942FCE-D8C7-4592-8937-EF8BCA4E3053}"
EndProject
Project("{9A19103F-16F7-4668-BE54-9A1E7A4F7556}") = "KtTest.IntegrationTests", "KtTest.IntegrationTests\KtTest.IntegrationTests.csproj", "{4B6E60E3-F9C9-485D-8F21-6A4FBC2FB48F}"
EndProject
Project("{FAE04EC0-301F-11D3-BF4B-00C04F79EFBC}") = "KtTest.TestDataBuilders", "KtTest.TestDataBuilders\KtTest.TestDataBuilders.csproj", "{44335D95-E528-4811-82DA-E373AFD36488}"
EndProject
Global
	GlobalSection(SolutionConfigurationPlatforms) = preSolution
		Debug|Any CPU = Debug|Any CPU
		Release|Any CPU = Release|Any CPU
	EndGlobalSection
	GlobalSection(ProjectConfigurationPlatforms) = postSolution
		{985ECC39-9A8C-43FA-9248-1793F3A5A24B}.Debug|Any CPU.ActiveCfg = Debug|Any CPU
		{985ECC39-9A8C-43FA-9248-1793F3A5A24B}.Debug|Any CPU.Build.0 = Debug|Any CPU
		{985ECC39-9A8C-43FA-9248-1793F3A5A24B}.Release|Any CPU.ActiveCfg = Release|Any CPU
		{985ECC39-9A8C-43FA-9248-1793F3A5A24B}.Release|Any CPU.Build.0 = Release|Any CPU
		{69942FCE-D8C7-4592-8937-EF8BCA4E3053}.Debug|Any CPU.ActiveCfg = Debug|Any CPU
		{69942FCE-D8C7-4592-8937-EF8BCA4E3053}.Debug|Any CPU.Build.0 = Debug|Any CPU
		{69942FCE-D8C7-4592-8937-EF8BCA4E3053}.Release|Any CPU.ActiveCfg = Release|Any CPU
		{69942FCE-D8C7-4592-8937-EF8BCA4E3053}.Release|Any CPU.Build.0 = Release|Any CPU
		{4B6E60E3-F9C9-485D-8F21-6A4FBC2FB48F}.Debug|Any CPU.ActiveCfg = Debug|Any CPU
		{4B6E60E3-F9C9-485D-8F21-6A4FBC2FB48F}.Debug|Any CPU.Build.0 = Debug|Any CPU
		{4B6E60E3-F9C9-485D-8F21-6A4FBC2FB48F}.Release|Any CPU.ActiveCfg = Release|Any CPU
		{4B6E60E3-F9C9-485D-8F21-6A4FBC2FB48F}.Release|Any CPU.Build.0 = Release|Any CPU
		{44335D95-E528-4811-82DA-E373AFD36488}.Debug|Any CPU.ActiveCfg = Debug|Any CPU
		{44335D95-E528-4811-82DA-E373AFD36488}.Debug|Any CPU.Build.0 = Debug|Any CPU
		{44335D95-E528-4811-82DA-E373AFD36488}.Release|Any CPU.ActiveCfg = Release|Any CPU
		{44335D95-E528-4811-82DA-E373AFD36488}.Release|Any CPU.Build.0 = Release|Any CPU
	EndGlobalSection
	GlobalSection(SolutionProperties) = preSolution
		HideSolutionNode = FALSE
	EndGlobalSection
	GlobalSection(ExtensibilityGlobals) = postSolution
		SolutionGuid = {81F09144-FAA0-49CC-A518-B2E86B8043F5}
	EndGlobalSection
EndGlobal
